version = 1
revision = 1
requires-python = ">=3.12"

[[package]]
name = "context-menu"
version = "1.4.1"
source = { registry = "https://pypi.org/simple" }
sdist = { url = "https://files.pythonhosted.org/packages/ad/be/276959c4ece0e906ecee0387745dbae7989e09b27c41051046751c4b7775/context_menu-1.4.1.tar.gz", hash = "sha256:47d49c46a9638ab46090787019cdba5e8285862f1487da702a70ffdd82280f6b", size = 22479 }
wheels = [
    { url = "https://files.pythonhosted.org/packages/7d/a4/f928745222809d97b40282cc09b9408e06f42df379aebd10912cec80c3a0/context_menu-1.4.1-py3-none-any.whl", hash = "sha256:478a1b104b105260ea3deb53c1473b277fe11af4ac6cbcfd9d64abfb6cc94daa", size = 17893 },
]

[[package]]
name = "pawdf"
version = "0.1.0"
source = { editable = "." }
dependencies = [
    { name = "context-menu" },
    { name = "pypdf" },
]

[package.metadata]
requires-dist = [
    { name = "context-menu" },
    { name = "pypdf" },
]

[[package]]
name = "pypdf"
version = "5.4.0"
source = { registry = "https://pypi.org/simple" }
sdist = { url = "https://files.pythonhosted.org/packages/f9/43/4026f6ee056306d0e0eb04fcb9f2122a0f1a5c57ad9dc5e0d67399e47194/pypdf-5.4.0.tar.gz", hash = "sha256:9af476a9dc30fcb137659b0dec747ea94aa954933c52cf02ee33e39a16fe9175", size = 5012492 }
wheels = [
    { url = "https://files.pythonhosted.org/packages/0b/27/d83f8f2a03ca5408dc2cc84b49c0bf3fbf059398a6a2ea7c10acfe28859f/pypdf-5.4.0-py3-none-any.whl", hash = "sha256:db994ab47cadc81057ea1591b90e5b543e2b7ef2d0e31ef41a9bfe763c119dab", size = 302306 },
]
